
Microsoft Visual Studio Solution File, Format Version 12.00
Project("{FAE04EC0-301F-11D3-BF4B-00C04F79EFBC}") = "DiscordBotApplication", "DiscordBotApplication\DiscordBotApplication.csproj", "{6BCB488C-B5B7-4F47-9B4D-E6CD4CFA6BC1}"
EndProject
Global
	GlobalSection(SolutionConfigurationPlatforms) = preSolution
		Debug|Any CPU = Debug|Any CPU
		Release|Any CPU = Release|Any CPU
	EndGlobalSection
	GlobalSection(ProjectConfigurationPlatforms) = postSolution
		{6BCB488C-B5B7-4F47-9B4D-E6CD4CFA6BC1}.Debug|Any CPU.ActiveCfg = Debug|Any CPU
		{6BCB488C-B5B7-4F47-9B4D-E6CD4CFA6BC1}.Debug|Any CPU.Build.0 = Debug|Any CPU
		{6BCB488C-B5B7-4F47-9B4D-E6CD4CFA6BC1}.Release|Any CPU.ActiveCfg = Release|Any CPU
		{6BCB488C-B5B7-4F47-9B4D-E6CD4CFA6BC1}.Release|Any CPU.Build.0 = Release|Any CPU
	EndGlobalSection
EndGlobal
